
Microsoft Visual Studio Solution File, Format Version 12.00
# Visual Studio Version 16
VisualStudioVersion = 16.0.31911.196
MinimumVisualStudioVersion = 10.0.40219.1
Project("{FAE04EC0-301F-11D3-BF4B-00C04F79EFBC}") = "Lab03_BigSchool", "Lab03_BigSchool.csproj", "{5895CCF1-60B7-42BE-A74E-21231B5119F4}"
EndProject
Global
	GlobalSection(SolutionConfigurationPlatforms) = preSolution
		Debug|Any CPU = Debug|Any CPU
		Release|Any CPU = Release|Any CPU
	EndGlobalSection
	GlobalSection(ProjectConfigurationPlatforms) = postSolution
		{5895CCF1-60B7-42BE-A74E-21231B5119F4}.Debug|Any CPU.ActiveCfg = Debug|Any CPU
		{5895CCF1-60B7-42BE-A74E-21231B5119F4}.Debug|Any CPU.Build.0 = Debug|Any CPU
		{5895CCF1-60B7-42BE-A74E-21231B5119F4}.Release|Any CPU.ActiveCfg = Release|Any CPU
		{5895CCF1-60B7-42BE-A74E-21231B5119F4}.Release|Any CPU.Build.0 = Release|Any CPU
	EndGlobalSection
	GlobalSection(SolutionProperties) = preSolution
		HideSolutionNode = FALSE
	EndGlobalSection
	GlobalSection(ExtensibilityGlobals) = postSolution
		SolutionGuid = {4B94C0FE-F1AE-495D-8AC6-80073D813F28}
	EndGlobalSection
EndGlobal
